
Microsoft Visual Studio Solution File, Format Version 12.00
# Visual Studio Version 16
VisualStudioVersion = 16.0.30907.101
MinimumVisualStudioVersion = 10.0.40219.1
Project("{FAE04EC0-301F-11D3-BF4B-00C04F79EFBC}") = "ConsoleUI", "ConsoleUI\ConsoleUI.csproj", "{57554F03-B8C9-4649-BB99-965DBDAEE540}"
EndProject
Project("{FAE04EC0-301F-11D3-BF4B-00C04F79EFBC}") = "Business", "Business\Business.csproj", "{E2FC47A0-0CB7-4633-84D5-325135E5FEE8}"
EndProject
Project("{FAE04EC0-301F-11D3-BF4B-00C04F79EFBC}") = "DataAccess", "DataAccess\DataAccess.csproj", "{18FA8709-9A7C-4E64-BAF3-3DDE9C6F5BFC}"
EndProject
Project("{FAE04EC0-301F-11D3-BF4B-00C04F79EFBC}") = "Entities", "Entities\Entities.csproj", "{F1F9D49B-0DB1-412C-8EB9-8AB2487E535F}"
EndProject
Global
	GlobalSection(SolutionConfigurationPlatforms) = preSolution
		Debug|Any CPU = Debug|Any CPU
		Release|Any CPU = Release|Any CPU
	EndGlobalSection
	GlobalSection(ProjectConfigurationPlatforms) = postSolution
		{57554F03-B8C9-4649-BB99-965DBDAEE540}.Debug|Any CPU.ActiveCfg = Debug|Any CPU
		{57554F03-B8C9-4649-BB99-965DBDAEE540}.Debug|Any CPU.Build.0 = Debug|Any CPU
		{57554F03-B8C9-4649-BB99-965DBDAEE540}.Release|Any CPU.ActiveCfg = Release|Any CPU
		{57554F03-B8C9-4649-BB99-965DBDAEE540}.Release|Any CPU.Build.0 = Release|Any CPU
		{E2FC47A0-0CB7-4633-84D5-325135E5FEE8}.Debug|Any CPU.ActiveCfg = Debug|Any CPU
		{E2FC47A0-0CB7-4633-84D5-325135E5FEE8}.Debug|Any CPU.Build.0 = Debug|Any CPU
		{E2FC47A0-0CB7-4633-84D5-325135E5FEE8}.Release|Any CPU.ActiveCfg = Release|Any CPU
		{E2FC47A0-0CB7-4633-84D5-325135E5FEE8}.Release|Any CPU.Build.0 = Release|Any CPU
		{18FA8709-9A7C-4E64-BAF3-3DDE9C6F5BFC}.Debug|Any CPU.ActiveCfg = Debug|Any CPU
		{18FA8709-9A7C-4E64-BAF3-3DDE9C6F5BFC}.Debug|Any CPU.Build.0 = Debug|Any CPU
		{18FA8709-9A7C-4E64-BAF3-3DDE9C6F5BFC}.Release|Any CPU.ActiveCfg = Release|Any CPU
		{18FA8709-9A7C-4E64-BAF3-3DDE9C6F5BFC}.Release|Any CPU.Build.0 = Release|Any CPU
		{F1F9D49B-0DB1-412C-8EB9-8AB2487E535F}.Debug|Any CPU.ActiveCfg = Debug|Any CPU
		{F1F9D49B-0DB1-412C-8EB9-8AB2487E535F}.Debug|Any CPU.Build.0 = Debug|Any CPU
		{F1F9D49B-0DB1-412C-8EB9-8AB2487E535F}.Release|Any CPU.ActiveCfg = Release|Any CPU
		{F1F9D49B-0DB1-412C-8EB9-8AB2487E535F}.Release|Any CPU.Build.0 = Release|Any CPU
	EndGlobalSection
	GlobalSection(SolutionProperties) = preSolution
		HideSolutionNode = FALSE
	EndGlobalSection
	GlobalSection(ExtensibilityGlobals) = postSolution
		SolutionGuid = {6904CA77-0724-4AE7-B191-2D185AD3641B}
	EndGlobalSection
EndGlobal
